
Microsoft Visual Studio Solution File, Format Version 12.00
# Visual Studio Version 17
VisualStudioVersion = 17.0.31919.166
MinimumVisualStudioVersion = 10.0.40219.1
Project("{9A19103F-16F7-4668-BE54-9A1E7A4F7556}") = "RH.Data", "RH.Data\RH.Data.csproj", "{394B3355-419A-423D-BE5C-4065029A5F38}"
EndProject
Project("{9A19103F-16F7-4668-BE54-9A1E7A4F7556}") = "RH.Domain", "RH.Domain\RH.Domain.csproj", "{D797C9A9-E8FA-4698-A77F-9CEBBC321477}"
EndProject
Project("{9A19103F-16F7-4668-BE54-9A1E7A4F7556}") = "RH.CrossCutting", "RH.CrossCutting\RH.CrossCutting.csproj", "{970D8141-BC49-4F95-ADA3-EF58EF7FA806}"
EndProject
Project("{9A19103F-16F7-4668-BE54-9A1E7A4F7556}") = "RH.Services", "RH.Services\RH.Services.csproj", "{24C9E5D5-4E6A-4F40-B4E7-3D1B44F312B6}"
EndProject
Project("{9A19103F-16F7-4668-BE54-9A1E7A4F7556}") = "RH.API", "RH.API\RH.API.csproj", "{6481453B-6A58-457A-8FE5-13B8567D4F0C}"
EndProject
Project("{2150E333-8FDC-42A3-9474-1A3956D46DE8}") = "FrontEnd", "FrontEnd", "{71CEC0D5-7C2B-4970-897F-0E6C8727DDE2}"
EndProject
Project("{2150E333-8FDC-42A3-9474-1A3956D46DE8}") = "RH", "RH", "{667B01C9-00C7-4044-B2B3-A07352E4048A}"
EndProject
Project("{9A19103F-16F7-4668-BE54-9A1E7A4F7556}") = "WEBAPP.MVC", "WEBAPP.MVC\WEBAPP.MVC.csproj", "{93165F41-7603-492F-821B-4CFC0FEC9116}"
EndProject
Project("{2150E333-8FDC-42A3-9474-1A3956D46DE8}") = "BackEnd", "BackEnd", "{C80DEB83-F683-41B0-8419-42504BF91D58}"
EndProject
Project("{2150E333-8FDC-42A3-9474-1A3956D46DE8}") = "SSO", "SSO", "{BC5CB8A7-406A-4FE1-93E2-8D8EFDB7CC5A}"
EndProject
Project("{9A19103F-16F7-4668-BE54-9A1E7A4F7556}") = "DuendeIdentityServerProject", "DuendeIdentityServerProject\DuendeIdentityServerProject.csproj", "{12E82CB0-AC79-409F-A629-726446DE767E}"
EndProject
Project("{2150E333-8FDC-42A3-9474-1A3956D46DE8}") = "Estoque", "Estoque", "{20B3F6CA-C71D-4B49-8477-D5EC2AECEF14}"
EndProject
Project("{9A19103F-16F7-4668-BE54-9A1E7A4F7556}") = "Estoque.Api", "Estoque.Api\Estoque.Api.csproj", "{99B06D27-D770-46FE-82FF-5A3CDB6A4290}"
EndProject
Project("{9A19103F-16F7-4668-BE54-9A1E7A4F7556}") = "Estoque.Data", "Estoque.Repository\Estoque.Data.csproj", "{8AE39CAF-7208-4848-95ED-0030C0F5EFA6}"
EndProject
Project("{9A19103F-16F7-4668-BE54-9A1E7A4F7556}") = "Estoque.CrossCutting", "Estoque.CrossCutting\Estoque.CrossCutting.csproj", "{D4FBE8B9-C12F-48DC-B190-136CFEFAB1EB}"
EndProject
Project("{9A19103F-16F7-4668-BE54-9A1E7A4F7556}") = "Estoque.Domain", "Estoque.Domain\Estoque.Domain.csproj", "{A1E3C8E8-5A5A-4148-A395-61D34E3F7749}"
EndProject
Project("{9A19103F-16F7-4668-BE54-9A1E7A4F7556}") = "Estoque.Services", "Estoque.Services\Estoque.Services.csproj", "{4D848E32-B9B4-4ED4-B0D4-9E35681ED848}"
EndProject
Project("{9A19103F-16F7-4668-BE54-9A1E7A4F7556}") = "MessageBus", "MessageBus\MessageBus.csproj", "{43DA2390-90E7-4985-BB6D-5E8D5E2F4E0D}"
EndProject
Project("{2150E333-8FDC-42A3-9474-1A3956D46DE8}") = "Mensageria", "Mensageria", "{6A385A7E-040D-45F1-83AA-0EE191942F0A}"
EndProject
Project("{2150E333-8FDC-42A3-9474-1A3956D46DE8}") = "EmailService", "EmailService", "{848B2BA4-D461-48F0-B070-7C41B869D69C}"
EndProject
Project("{9A19103F-16F7-4668-BE54-9A1E7A4F7556}") = "Email.API", "Email.API\Email.API.csproj", "{CE0F4B57-86DA-4797-9ACF-0DBC303FCF0C}"
EndProject
Global
	GlobalSection(SolutionConfigurationPlatforms) = preSolution
		Debug|Any CPU = Debug|Any CPU
		Release|Any CPU = Release|Any CPU
	EndGlobalSection
	GlobalSection(ProjectConfigurationPlatforms) = postSolution
		{394B3355-419A-423D-BE5C-4065029A5F38}.Debug|Any CPU.ActiveCfg = Debug|Any CPU
		{394B3355-419A-423D-BE5C-4065029A5F38}.Debug|Any CPU.Build.0 = Debug|Any CPU
		{394B3355-419A-423D-BE5C-4065029A5F38}.Release|Any CPU.ActiveCfg = Release|Any CPU
		{394B3355-419A-423D-BE5C-4065029A5F38}.Release|Any CPU.Build.0 = Release|Any CPU
		{D797C9A9-E8FA-4698-A77F-9CEBBC321477}.Debug|Any CPU.ActiveCfg = Debug|Any CPU
		{D797C9A9-E8FA-4698-A77F-9CEBBC321477}.Debug|Any CPU.Build.0 = Debug|Any CPU
		{D797C9A9-E8FA-4698-A77F-9CEBBC321477}.Release|Any CPU.ActiveCfg = Release|Any CPU
		{D797C9A9-E8FA-4698-A77F-9CEBBC321477}.Release|Any CPU.Build.0 = Release|Any CPU
		{970D8141-BC49-4F95-ADA3-EF58EF7FA806}.Debug|Any CPU.ActiveCfg = Debug|Any CPU
		{970D8141-BC49-4F95-ADA3-EF58EF7FA806}.Debug|Any CPU.Build.0 = Debug|Any CPU
		{970D8141-BC49-4F95-ADA3-EF58EF7FA806}.Release|Any CPU.ActiveCfg = Release|Any CPU
		{970D8141-BC49-4F95-ADA3-EF58EF7FA806}.Release|Any CPU.Build.0 = Release|Any CPU
		{24C9E5D5-4E6A-4F40-B4E7-3D1B44F312B6}.Debug|Any CPU.ActiveCfg = Debug|Any CPU
		{24C9E5D5-4E6A-4F40-B4E7-3D1B44F312B6}.Debug|Any CPU.Build.0 = Debug|Any CPU
		{24C9E5D5-4E6A-4F40-B4E7-3D1B44F312B6}.Release|Any CPU.ActiveCfg = Release|Any CPU
		{24C9E5D5-4E6A-4F40-B4E7-3D1B44F312B6}.Release|Any CPU.Build.0 = Release|Any CPU
		{6481453B-6A58-457A-8FE5-13B8567D4F0C}.Debug|Any CPU.ActiveCfg = Debug|Any CPU
		{6481453B-6A58-457A-8FE5-13B8567D4F0C}.Debug|Any CPU.Build.0 = Debug|Any CPU
		{6481453B-6A58-457A-8FE5-13B8567D4F0C}.Release|Any CPU.ActiveCfg = Release|Any CPU
		{6481453B-6A58-457A-8FE5-13B8567D4F0C}.Release|Any CPU.Build.0 = Release|Any CPU
		{93165F41-7603-492F-821B-4CFC0FEC9116}.Debug|Any CPU.ActiveCfg = Debug|Any CPU
		{93165F41-7603-492F-821B-4CFC0FEC9116}.Debug|Any CPU.Build.0 = Debug|Any CPU
		{93165F41-7603-492F-821B-4CFC0FEC9116}.Release|Any CPU.ActiveCfg = Release|Any CPU
		{93165F41-7603-492F-821B-4CFC0FEC9116}.Release|Any CPU.Build.0 = Release|Any CPU
		{12E82CB0-AC79-409F-A629-726446DE767E}.Debug|Any CPU.ActiveCfg = Debug|Any CPU
		{12E82CB0-AC79-409F-A629-726446DE767E}.Debug|Any CPU.Build.0 = Debug|Any CPU
		{12E82CB0-AC79-409F-A629-726446DE767E}.Release|Any CPU.ActiveCfg = Release|Any CPU
		{12E82CB0-AC79-409F-A629-726446DE767E}.Release|Any CPU.Build.0 = Release|Any CPU
		{99B06D27-D770-46FE-82FF-5A3CDB6A4290}.Debug|Any CPU.ActiveCfg = Debug|Any CPU
		{99B06D27-D770-46FE-82FF-5A3CDB6A4290}.Debug|Any CPU.Build.0 = Debug|Any CPU
		{99B06D27-D770-46FE-82FF-5A3CDB6A4290}.Release|Any CPU.ActiveCfg = Release|Any CPU
		{99B06D27-D770-46FE-82FF-5A3CDB6A4290}.Release|Any CPU.Build.0 = Release|Any CPU
		{8AE39CAF-7208-4848-95ED-0030C0F5EFA6}.Debug|Any CPU.ActiveCfg = Debug|Any CPU
		{8AE39CAF-7208-4848-95ED-0030C0F5EFA6}.Debug|Any CPU.Build.0 = Debug|Any CPU
		{8AE39CAF-7208-4848-95ED-0030C0F5EFA6}.Release|Any CPU.ActiveCfg = Release|Any CPU
		{8AE39CAF-7208-4848-95ED-0030C0F5EFA6}.Release|Any CPU.Build.0 = Release|Any CPU
		{D4FBE8B9-C12F-48DC-B190-136CFEFAB1EB}.Debug|Any CPU.ActiveCfg = Debug|Any CPU
		{D4FBE8B9-C12F-48DC-B190-136CFEFAB1EB}.Debug|Any CPU.Build.0 = Debug|Any CPU
		{D4FBE8B9-C12F-48DC-B190-136CFEFAB1EB}.Release|Any CPU.ActiveCfg = Release|Any CPU
		{D4FBE8B9-C12F-48DC-B190-136CFEFAB1EB}.Release|Any CPU.Build.0 = Release|Any CPU
		{A1E3C8E8-5A5A-4148-A395-61D34E3F7749}.Debug|Any CPU.ActiveCfg = Debug|Any CPU
		{A1E3C8E8-5A5A-4148-A395-61D34E3F7749}.Debug|Any CPU.Build.0 = Debug|Any CPU
		{A1E3C8E8-5A5A-4148-A395-61D34E3F7749}.Release|Any CPU.ActiveCfg = Release|Any CPU
		{A1E3C8E8-5A5A-4148-A395-61D34E3F7749}.Release|Any CPU.Build.0 = Release|Any CPU
		{4D848E32-B9B4-4ED4-B0D4-9E35681ED848}.Debug|Any CPU.ActiveCfg = Debug|Any CPU
		{4D848E32-B9B4-4ED4-B0D4-9E35681ED848}.Debug|Any CPU.Build.0 = Debug|Any CPU
		{4D848E32-B9B4-4ED4-B0D4-9E35681ED848}.Release|Any CPU.ActiveCfg = Release|Any CPU
		{4D848E32-B9B4-4ED4-B0D4-9E35681ED848}.Release|Any CPU.Build.0 = Release|Any CPU
		{43DA2390-90E7-4985-BB6D-5E8D5E2F4E0D}.Debug|Any CPU.ActiveCfg = Debug|Any CPU
		{43DA2390-90E7-4985-BB6D-5E8D5E2F4E0D}.Debug|Any CPU.Build.0 = Debug|Any CPU
		{43DA2390-90E7-4985-BB6D-5E8D5E2F4E0D}.Release|Any CPU.ActiveCfg = Release|Any CPU
		{43DA2390-90E7-4985-BB6D-5E8D5E2F4E0D}.Release|Any CPU.Build.0 = Release|Any CPU
		{CE0F4B57-86DA-4797-9ACF-0DBC303FCF0C}.Debug|Any CPU.ActiveCfg = Debug|Any CPU
		{CE0F4B57-86DA-4797-9ACF-0DBC303FCF0C}.Debug|Any CPU.Build.0 = Debug|Any CPU
		{CE0F4B57-86DA-4797-9ACF-0DBC303FCF0C}.Release|Any CPU.ActiveCfg = Release|Any CPU
		{CE0F4B57-86DA-4797-9ACF-0DBC303FCF0C}.Release|Any CPU.Build.0 = Release|Any CPU
	EndGlobalSection
	GlobalSection(SolutionProperties) = preSolution
		HideSolutionNode = FALSE
	EndGlobalSection
	GlobalSection(NestedProjects) = preSolution
		{394B3355-419A-423D-BE5C-4065029A5F38} = {667B01C9-00C7-4044-B2B3-A07352E4048A}
		{D797C9A9-E8FA-4698-A77F-9CEBBC321477} = {667B01C9-00C7-4044-B2B3-A07352E4048A}
		{970D8141-BC49-4F95-ADA3-EF58EF7FA806} = {667B01C9-00C7-4044-B2B3-A07352E4048A}
		{24C9E5D5-4E6A-4F40-B4E7-3D1B44F312B6} = {667B01C9-00C7-4044-B2B3-A07352E4048A}
		{6481453B-6A58-457A-8FE5-13B8567D4F0C} = {667B01C9-00C7-4044-B2B3-A07352E4048A}
		{667B01C9-00C7-4044-B2B3-A07352E4048A} = {C80DEB83-F683-41B0-8419-42504BF91D58}
		{93165F41-7603-492F-821B-4CFC0FEC9116} = {71CEC0D5-7C2B-4970-897F-0E6C8727DDE2}
		{BC5CB8A7-406A-4FE1-93E2-8D8EFDB7CC5A} = {C80DEB83-F683-41B0-8419-42504BF91D58}
		{12E82CB0-AC79-409F-A629-726446DE767E} = {BC5CB8A7-406A-4FE1-93E2-8D8EFDB7CC5A}
		{20B3F6CA-C71D-4B49-8477-D5EC2AECEF14} = {C80DEB83-F683-41B0-8419-42504BF91D58}
		{99B06D27-D770-46FE-82FF-5A3CDB6A4290} = {20B3F6CA-C71D-4B49-8477-D5EC2AECEF14}
		{8AE39CAF-7208-4848-95ED-0030C0F5EFA6} = {20B3F6CA-C71D-4B49-8477-D5EC2AECEF14}
		{D4FBE8B9-C12F-48DC-B190-136CFEFAB1EB} = {20B3F6CA-C71D-4B49-8477-D5EC2AECEF14}
		{A1E3C8E8-5A5A-4148-A395-61D34E3F7749} = {20B3F6CA-C71D-4B49-8477-D5EC2AECEF14}
		{4D848E32-B9B4-4ED4-B0D4-9E35681ED848} = {20B3F6CA-C71D-4B49-8477-D5EC2AECEF14}
		{43DA2390-90E7-4985-BB6D-5E8D5E2F4E0D} = {6A385A7E-040D-45F1-83AA-0EE191942F0A}
		{6A385A7E-040D-45F1-83AA-0EE191942F0A} = {C80DEB83-F683-41B0-8419-42504BF91D58}
		{848B2BA4-D461-48F0-B070-7C41B869D69C} = {C80DEB83-F683-41B0-8419-42504BF91D58}
		{CE0F4B57-86DA-4797-9ACF-0DBC303FCF0C} = {848B2BA4-D461-48F0-B070-7C41B869D69C}
	EndGlobalSection
	GlobalSection(ExtensibilityGlobals) = postSolution
		SolutionGuid = {937523C5-517D-4F07-9AFA-977709324D46}
	EndGlobalSection
EndGlobal
