
Microsoft Visual Studio Solution File, Format Version 12.00
# Visual Studio Version 17
VisualStudioVersion = 17.0.31919.166
MinimumVisualStudioVersion = 10.0.40219.1
Project("{9A19103F-16F7-4668-BE54-9A1E7A4F7556}") = "RH.MVC", "RH.MVC\RH.MVC.csproj", "{39CEF4C1-E4EB-49D4-A6CF-A8E093FF1778}"
EndProject
Project("{9A19103F-16F7-4668-BE54-9A1E7A4F7556}") = "RH.Data", "RH.Data\RH.Data.csproj", "{394B3355-419A-423D-BE5C-4065029A5F38}"
EndProject
Project("{9A19103F-16F7-4668-BE54-9A1E7A4F7556}") = "RH.Domain", "RH.Domain\RH.Domain.csproj", "{D797C9A9-E8FA-4698-A77F-9CEBBC321477}"
EndProject
Project("{9A19103F-16F7-4668-BE54-9A1E7A4F7556}") = "RH.CrossCutting", "RH.CrossCutting\RH.CrossCutting.csproj", "{970D8141-BC49-4F95-ADA3-EF58EF7FA806}"
EndProject
Project("{9A19103F-16F7-4668-BE54-9A1E7A4F7556}") = "RH.Services", "RH.Services\RH.Services.csproj", "{24C9E5D5-4E6A-4F40-B4E7-3D1B44F312B6}"
EndProject
Project("{FAE04EC0-301F-11D3-BF4B-00C04F79EFBC}") = "RH.API", "RH.API\RH.API.csproj", "{6481453B-6A58-457A-8FE5-13B8567D4F0C}"
EndProject
Project("{2150E333-8FDC-42A3-9474-1A3956D46DE8}") = "FrontEnd", "FrontEnd", "{71CEC0D5-7C2B-4970-897F-0E6C8727DDE2}"
EndProject
Project("{2150E333-8FDC-42A3-9474-1A3956D46DE8}") = "RH", "RH", "{667B01C9-00C7-4044-B2B3-A07352E4048A}"
EndProject
Global
	GlobalSection(SolutionConfigurationPlatforms) = preSolution
		Debug|Any CPU = Debug|Any CPU
		Release|Any CPU = Release|Any CPU
	EndGlobalSection
	GlobalSection(ProjectConfigurationPlatforms) = postSolution
		{39CEF4C1-E4EB-49D4-A6CF-A8E093FF1778}.Debug|Any CPU.ActiveCfg = Debug|Any CPU
		{39CEF4C1-E4EB-49D4-A6CF-A8E093FF1778}.Debug|Any CPU.Build.0 = Debug|Any CPU
		{39CEF4C1-E4EB-49D4-A6CF-A8E093FF1778}.Release|Any CPU.ActiveCfg = Release|Any CPU
		{39CEF4C1-E4EB-49D4-A6CF-A8E093FF1778}.Release|Any CPU.Build.0 = Release|Any CPU
		{394B3355-419A-423D-BE5C-4065029A5F38}.Debug|Any CPU.ActiveCfg = Debug|Any CPU
		{394B3355-419A-423D-BE5C-4065029A5F38}.Debug|Any CPU.Build.0 = Debug|Any CPU
		{394B3355-419A-423D-BE5C-4065029A5F38}.Release|Any CPU.ActiveCfg = Release|Any CPU
		{394B3355-419A-423D-BE5C-4065029A5F38}.Release|Any CPU.Build.0 = Release|Any CPU
		{D797C9A9-E8FA-4698-A77F-9CEBBC321477}.Debug|Any CPU.ActiveCfg = Debug|Any CPU
		{D797C9A9-E8FA-4698-A77F-9CEBBC321477}.Debug|Any CPU.Build.0 = Debug|Any CPU
		{D797C9A9-E8FA-4698-A77F-9CEBBC321477}.Release|Any CPU.ActiveCfg = Release|Any CPU
		{D797C9A9-E8FA-4698-A77F-9CEBBC321477}.Release|Any CPU.Build.0 = Release|Any CPU
		{970D8141-BC49-4F95-ADA3-EF58EF7FA806}.Debug|Any CPU.ActiveCfg = Debug|Any CPU
		{970D8141-BC49-4F95-ADA3-EF58EF7FA806}.Debug|Any CPU.Build.0 = Debug|Any CPU
		{970D8141-BC49-4F95-ADA3-EF58EF7FA806}.Release|Any CPU.ActiveCfg = Release|Any CPU
		{970D8141-BC49-4F95-ADA3-EF58EF7FA806}.Release|Any CPU.Build.0 = Release|Any CPU
		{24C9E5D5-4E6A-4F40-B4E7-3D1B44F312B6}.Debug|Any CPU.ActiveCfg = Debug|Any CPU
		{24C9E5D5-4E6A-4F40-B4E7-3D1B44F312B6}.Debug|Any CPU.Build.0 = Debug|Any CPU
		{24C9E5D5-4E6A-4F40-B4E7-3D1B44F312B6}.Release|Any CPU.ActiveCfg = Release|Any CPU
		{24C9E5D5-4E6A-4F40-B4E7-3D1B44F312B6}.Release|Any CPU.Build.0 = Release|Any CPU
		{6481453B-6A58-457A-8FE5-13B8567D4F0C}.Debug|Any CPU.ActiveCfg = Debug|Any CPU
		{6481453B-6A58-457A-8FE5-13B8567D4F0C}.Debug|Any CPU.Build.0 = Debug|Any CPU
		{6481453B-6A58-457A-8FE5-13B8567D4F0C}.Release|Any CPU.ActiveCfg = Release|Any CPU
		{6481453B-6A58-457A-8FE5-13B8567D4F0C}.Release|Any CPU.Build.0 = Release|Any CPU
	EndGlobalSection
	GlobalSection(SolutionProperties) = preSolution
		HideSolutionNode = FALSE
	EndGlobalSection
	GlobalSection(NestedProjects) = preSolution
		{39CEF4C1-E4EB-49D4-A6CF-A8E093FF1778} = {71CEC0D5-7C2B-4970-897F-0E6C8727DDE2}
		{394B3355-419A-423D-BE5C-4065029A5F38} = {667B01C9-00C7-4044-B2B3-A07352E4048A}
		{D797C9A9-E8FA-4698-A77F-9CEBBC321477} = {667B01C9-00C7-4044-B2B3-A07352E4048A}
		{970D8141-BC49-4F95-ADA3-EF58EF7FA806} = {667B01C9-00C7-4044-B2B3-A07352E4048A}
		{24C9E5D5-4E6A-4F40-B4E7-3D1B44F312B6} = {667B01C9-00C7-4044-B2B3-A07352E4048A}
		{6481453B-6A58-457A-8FE5-13B8567D4F0C} = {667B01C9-00C7-4044-B2B3-A07352E4048A}
	EndGlobalSection
	GlobalSection(ExtensibilityGlobals) = postSolution
		SolutionGuid = {937523C5-517D-4F07-9AFA-977709324D46}
	EndGlobalSection
EndGlobal
